// !$*UTF8*$!
{
	archiveVersion = 1;
	classes = {
	};
	objectVersion = 56;
	objects = {

/* Begin PBXBuildFile section */
		0B3C79E02A70C5990050CB0A /* Joke.swift in Sources */ = {isa = PBXBuildFile; fileRef = 0B3C79DF2A70C5990050CB0A /* Joke.swift */; };
		0B85D6472A65FFF50065FF1F /* AppDelegate.swift in Sources */ = {isa = PBXBuildFile; fileRef = 0B85D6462A65FFF50065FF1F /* AppDelegate.swift */; };
		0B85D6492A65FFF50065FF1F /* SceneDelegate.swift in Sources */ = {isa = PBXBuildFile; fileRef = 0B85D6482A65FFF50065FF1F /* SceneDelegate.swift */; };
		0B85D6502A65FFF50065FF1F /* Assets.xcassets in Resources */ = {isa = PBXBuildFile; fileRef = 0B85D64F2A65FFF50065FF1F /* Assets.xcassets */; };
		0B85D6532A65FFF50065FF1F /* LaunchScreen.storyboard in Resources */ = {isa = PBXBuildFile; fileRef = 0B85D6512A65FFF50065FF1F /* LaunchScreen.storyboard */; };
		0B85D65E2A65FFF50065FF1F /* ChallengeChuckNorrisTests.swift in Sources */ = {isa = PBXBuildFile; fileRef = 0B85D65D2A65FFF50065FF1F /* ChallengeChuckNorrisTests.swift */; };
		0B85D6682A65FFF60065FF1F /* ChallengeChuckNorrisUITests.swift in Sources */ = {isa = PBXBuildFile; fileRef = 0B85D6672A65FFF60065FF1F /* ChallengeChuckNorrisUITests.swift */; };
		0B85D66A2A65FFF60065FF1F /* ChallengeChuckNorrisUITestsLaunchTests.swift in Sources */ = {isa = PBXBuildFile; fileRef = 0B85D6692A65FFF60065FF1F /* ChallengeChuckNorrisUITestsLaunchTests.swift */; };
		0B85D6782A6602EE0065FF1F /* HomeViewController.swift in Sources */ = {isa = PBXBuildFile; fileRef = 0B85D6772A6602EE0065FF1F /* HomeViewController.swift */; };
		0B85D67A2A66030C0065FF1F /* HomeScreen.swift in Sources */ = {isa = PBXBuildFile; fileRef = 0B85D6792A66030C0065FF1F /* HomeScreen.swift */; };
		0B85D67D2A6615FC0065FF1F /* UiColorExtensions.swift in Sources */ = {isa = PBXBuildFile; fileRef = 0B85D67C2A6615FC0065FF1F /* UiColorExtensions.swift */; };
		0B85D6802A6622910065FF1F /* GenericsService.swift in Sources */ = {isa = PBXBuildFile; fileRef = 0B85D67F2A6622910065FF1F /* GenericsService.swift */; };
		0B85D6822A6622E50065FF1F /* CategoriesJokesService.swift in Sources */ = {isa = PBXBuildFile; fileRef = 0B85D6812A6622E50065FF1F /* CategoriesJokesService.swift */; };
		0B85D6872A6628010065FF1F /* categoriJokes.json in Resources */ = {isa = PBXBuildFile; fileRef = 0B85D6862A6628010065FF1F /* categoriJokes.json */; };
		0B85D68A2A662AC00065FF1F /* Categories.swift in Sources */ = {isa = PBXBuildFile; fileRef = 0B85D6892A662AC00065FF1F /* Categories.swift */; };
		0BE0C69B2A673E86007FB1CB /* HomeViewModel.swift in Sources */ = {isa = PBXBuildFile; fileRef = 0BE0C69A2A673E86007FB1CB /* HomeViewModel.swift */; };
		0BE0C69E2A674C56007FB1CB /* CategoriesTableViewCell.swift in Sources */ = {isa = PBXBuildFile; fileRef = 0BE0C69D2A674C56007FB1CB /* CategoriesTableViewCell.swift */; };
		0BE0C6A02A67563D007FB1CB /* CategoriesTest.swift in Sources */ = {isa = PBXBuildFile; fileRef = 0BE0C69F2A67563D007FB1CB /* CategoriesTest.swift */; };
		0BE0C6A52A676942007FB1CB /* JokesViewController.swift in Sources */ = {isa = PBXBuildFile; fileRef = 0BE0C6A42A676942007FB1CB /* JokesViewController.swift */; };
		0BE0C6A72A676993007FB1CB /* JokesScreen.swift in Sources */ = {isa = PBXBuildFile; fileRef = 0BE0C6A62A676993007FB1CB /* JokesScreen.swift */; };
		5A8A53607A7B98EDF5CB8716 /* Pods_ChallengeChuckNorris.framework in Frameworks */ = {isa = PBXBuildFile; fileRef = E0212D2B14BA4C04DD800EDB /* Pods_ChallengeChuckNorris.framework */; };
		A44BA6C374847B3DFDF0A5DF /* Pods_ChallengeChuckNorris_ChallengeChuckNorrisUITests.framework in Frameworks */ = {isa = PBXBuildFile; fileRef = E057C25A4C4338CC8DCB57D3 /* Pods_ChallengeChuckNorris_ChallengeChuckNorrisUITests.framework */; };
		E296BA559BA3F65BCF8F16ED /* Pods_ChallengeChuckNorrisTests.framework in Frameworks */ = {isa = PBXBuildFile; fileRef = 6359849821570A01E7401422 /* Pods_ChallengeChuckNorrisTests.framework */; };
/* End PBXBuildFile section */

/* Begin PBXContainerItemProxy section */
		0B85D65A2A65FFF50065FF1F /* PBXContainerItemProxy */ = {
			isa = PBXContainerItemProxy;
			containerPortal = 0B85D63B2A65FFF50065FF1F /* Project object */;
			proxyType = 1;
			remoteGlobalIDString = 0B85D6422A65FFF50065FF1F;
			remoteInfo = ChallengeChuckNorris;
		};
		0B85D6642A65FFF60065FF1F /* PBXContainerItemProxy */ = {
			isa = PBXContainerItemProxy;
			containerPortal = 0B85D63B2A65FFF50065FF1F /* Project object */;
			proxyType = 1;
			remoteGlobalIDString = 0B85D6422A65FFF50065FF1F;
			remoteInfo = ChallengeChuckNorris;
		};
/* End PBXContainerItemProxy section */

/* Begin PBXFileReference section */
		05E0147CFD3AD249E6C7A0B2 /* Pods-ChallengeChuckNorris-ChallengeChuckNorrisUITests.release.xcconfig */ = {isa = PBXFileReference; includeInIndex = 1; lastKnownFileType = text.xcconfig; name = "Pods-ChallengeChuckNorris-ChallengeChuckNorrisUITests.release.xcconfig"; path = "Target Support Files/Pods-ChallengeChuckNorris-ChallengeChuckNorrisUITests/Pods-ChallengeChuckNorris-ChallengeChuckNorrisUITests.release.xcconfig"; sourceTree = "<group>"; };
		0B3C79DF2A70C5990050CB0A /* Joke.swift */ = {isa = PBXFileReference; lastKnownFileType = sourcecode.swift; path = Joke.swift; sourceTree = "<group>"; };
		0B85D6432A65FFF50065FF1F /* ChallengeChuckNorris.app */ = {isa = PBXFileReference; explicitFileType = wrapper.application; includeInIndex = 0; path = ChallengeChuckNorris.app; sourceTree = BUILT_PRODUCTS_DIR; };
		0B85D6462A65FFF50065FF1F /* AppDelegate.swift */ = {isa = PBXFileReference; lastKnownFileType = sourcecode.swift; path = AppDelegate.swift; sourceTree = "<group>"; };
		0B85D6482A65FFF50065FF1F /* SceneDelegate.swift */ = {isa = PBXFileReference; lastKnownFileType = sourcecode.swift; path = SceneDelegate.swift; sourceTree = "<group>"; };
		0B85D64F2A65FFF50065FF1F /* Assets.xcassets */ = {isa = PBXFileReference; lastKnownFileType = folder.assetcatalog; path = Assets.xcassets; sourceTree = "<group>"; };
		0B85D6522A65FFF50065FF1F /* Base */ = {isa = PBXFileReference; lastKnownFileType = file.storyboard; name = Base; path = Base.lproj/LaunchScreen.storyboard; sourceTree = "<group>"; };
		0B85D6542A65FFF50065FF1F /* Info.plist */ = {isa = PBXFileReference; lastKnownFileType = text.plist.xml; path = Info.plist; sourceTree = "<group>"; };
		0B85D6592A65FFF50065FF1F /* ChallengeChuckNorrisTests.xctest */ = {isa = PBXFileReference; explicitFileType = wrapper.cfbundle; includeInIndex = 0; path = ChallengeChuckNorrisTests.xctest; sourceTree = BUILT_PRODUCTS_DIR; };
		0B85D65D2A65FFF50065FF1F /* ChallengeChuckNorrisTests.swift */ = {isa = PBXFileReference; lastKnownFileType = sourcecode.swift; path = ChallengeChuckNorrisTests.swift; sourceTree = "<group>"; };
		0B85D6632A65FFF60065FF1F /* ChallengeChuckNorrisUITests.xctest */ = {isa = PBXFileReference; explicitFileType = wrapper.cfbundle; includeInIndex = 0; path = ChallengeChuckNorrisUITests.xctest; sourceTree = BUILT_PRODUCTS_DIR; };
		0B85D6672A65FFF60065FF1F /* ChallengeChuckNorrisUITests.swift */ = {isa = PBXFileReference; lastKnownFileType = sourcecode.swift; path = ChallengeChuckNorrisUITests.swift; sourceTree = "<group>"; };
		0B85D6692A65FFF60065FF1F /* ChallengeChuckNorrisUITestsLaunchTests.swift */ = {isa = PBXFileReference; lastKnownFileType = sourcecode.swift; path = ChallengeChuckNorrisUITestsLaunchTests.swift; sourceTree = "<group>"; };
		0B85D6772A6602EE0065FF1F /* HomeViewController.swift */ = {isa = PBXFileReference; lastKnownFileType = sourcecode.swift; path = HomeViewController.swift; sourceTree = "<group>"; };
		0B85D6792A66030C0065FF1F /* HomeScreen.swift */ = {isa = PBXFileReference; lastKnownFileType = sourcecode.swift; path = HomeScreen.swift; sourceTree = "<group>"; };
		0B85D67C2A6615FC0065FF1F /* UiColorExtensions.swift */ = {isa = PBXFileReference; lastKnownFileType = sourcecode.swift; path = UiColorExtensions.swift; sourceTree = "<group>"; };
		0B85D67F2A6622910065FF1F /* GenericsService.swift */ = {isa = PBXFileReference; lastKnownFileType = sourcecode.swift; path = GenericsService.swift; sourceTree = "<group>"; };
		0B85D6812A6622E50065FF1F /* CategoriesJokesService.swift */ = {isa = PBXFileReference; lastKnownFileType = sourcecode.swift; path = CategoriesJokesService.swift; sourceTree = "<group>"; };
		0B85D6862A6628010065FF1F /* categoriJokes.json */ = {isa = PBXFileReference; lastKnownFileType = text.json; path = categoriJokes.json; sourceTree = "<group>"; };
		0B85D6892A662AC00065FF1F /* Categories.swift */ = {isa = PBXFileReference; lastKnownFileType = sourcecode.swift; path = Categories.swift; sourceTree = "<group>"; };
		0BE0C69A2A673E86007FB1CB /* HomeViewModel.swift */ = {isa = PBXFileReference; lastKnownFileType = sourcecode.swift; path = HomeViewModel.swift; sourceTree = "<group>"; };
		0BE0C69D2A674C56007FB1CB /* CategoriesTableViewCell.swift */ = {isa = PBXFileReference; lastKnownFileType = sourcecode.swift; path = CategoriesTableViewCell.swift; sourceTree = "<group>"; };
		0BE0C69F2A67563D007FB1CB /* CategoriesTest.swift */ = {isa = PBXFileReference; lastKnownFileType = sourcecode.swift; path = CategoriesTest.swift; sourceTree = "<group>"; };
		0BE0C6A42A676942007FB1CB /* JokesViewController.swift */ = {isa = PBXFileReference; lastKnownFileType = sourcecode.swift; path = JokesViewController.swift; sourceTree = "<group>"; };
		0BE0C6A62A676993007FB1CB /* JokesScreen.swift */ = {isa = PBXFileReference; lastKnownFileType = sourcecode.swift; path = JokesScreen.swift; sourceTree = "<group>"; };
		1E65993B491C8BAFC5A78D88 /* Pods-ChallengeChuckNorris-ChallengeChuckNorrisUITests.debug.xcconfig */ = {isa = PBXFileReference; includeInIndex = 1; lastKnownFileType = text.xcconfig; name = "Pods-ChallengeChuckNorris-ChallengeChuckNorrisUITests.debug.xcconfig"; path = "Target Support Files/Pods-ChallengeChuckNorris-ChallengeChuckNorrisUITests/Pods-ChallengeChuckNorris-ChallengeChuckNorrisUITests.debug.xcconfig"; sourceTree = "<group>"; };
		4EFD1DDC9D06DA6DA1167808 /* Pods-ChallengeChuckNorris.release.xcconfig */ = {isa = PBXFileReference; includeInIndex = 1; lastKnownFileType = text.xcconfig; name = "Pods-ChallengeChuckNorris.release.xcconfig"; path = "Target Support Files/Pods-ChallengeChuckNorris/Pods-ChallengeChuckNorris.release.xcconfig"; sourceTree = "<group>"; };
		6359849821570A01E7401422 /* Pods_ChallengeChuckNorrisTests.framework */ = {isa = PBXFileReference; explicitFileType = wrapper.framework; includeInIndex = 0; path = Pods_ChallengeChuckNorrisTests.framework; sourceTree = BUILT_PRODUCTS_DIR; };
		7FDE17A9CBD6390C892CDE5E /* Pods-ChallengeChuckNorrisTests.debug.xcconfig */ = {isa = PBXFileReference; includeInIndex = 1; lastKnownFileType = text.xcconfig; name = "Pods-ChallengeChuckNorrisTests.debug.xcconfig"; path = "Target Support Files/Pods-ChallengeChuckNorrisTests/Pods-ChallengeChuckNorrisTests.debug.xcconfig"; sourceTree = "<group>"; };
		B4A84E8D105DC6CD4106CC84 /* Pods-ChallengeChuckNorrisTests.release.xcconfig */ = {isa = PBXFileReference; includeInIndex = 1; lastKnownFileType = text.xcconfig; name = "Pods-ChallengeChuckNorrisTests.release.xcconfig"; path = "Target Support Files/Pods-ChallengeChuckNorrisTests/Pods-ChallengeChuckNorrisTests.release.xcconfig"; sourceTree = "<group>"; };
		CA4FB170D36DFCA2C709AE88 /* Pods-ChallengeChuckNorris.debug.xcconfig */ = {isa = PBXFileReference; includeInIndex = 1; lastKnownFileType = text.xcconfig; name = "Pods-ChallengeChuckNorris.debug.xcconfig"; path = "Target Support Files/Pods-ChallengeChuckNorris/Pods-ChallengeChuckNorris.debug.xcconfig"; sourceTree = "<group>"; };
		E0212D2B14BA4C04DD800EDB /* Pods_ChallengeChuckNorris.framework */ = {isa = PBXFileReference; explicitFileType = wrapper.framework; includeInIndex = 0; path = Pods_ChallengeChuckNorris.framework; sourceTree = BUILT_PRODUCTS_DIR; };
		E057C25A4C4338CC8DCB57D3 /* Pods_ChallengeChuckNorris_ChallengeChuckNorrisUITests.framework */ = {isa = PBXFileReference; explicitFileType = wrapper.framework; includeInIndex = 0; path = Pods_ChallengeChuckNorris_ChallengeChuckNorrisUITests.framework; sourceTree = BUILT_PRODUCTS_DIR; };
/* End PBXFileReference section */

/* Begin PBXFrameworksBuildPhase section */
		0B85D6402A65FFF50065FF1F /* Frameworks */ = {
			isa = PBXFrameworksBuildPhase;
			buildActionMask = 2147483647;
			files = (
				5A8A53607A7B98EDF5CB8716 /* Pods_ChallengeChuckNorris.framework in Frameworks */,
			);
			runOnlyForDeploymentPostprocessing = 0;
		};
		0B85D6562A65FFF50065FF1F /* Frameworks */ = {
			isa = PBXFrameworksBuildPhase;
			buildActionMask = 2147483647;
			files = (
				E296BA559BA3F65BCF8F16ED /* Pods_ChallengeChuckNorrisTests.framework in Frameworks */,
			);
			runOnlyForDeploymentPostprocessing = 0;
		};
		0B85D6602A65FFF60065FF1F /* Frameworks */ = {
			isa = PBXFrameworksBuildPhase;
			buildActionMask = 2147483647;
			files = (
				A44BA6C374847B3DFDF0A5DF /* Pods_ChallengeChuckNorris_ChallengeChuckNorrisUITests.framework in Frameworks */,
			);
			runOnlyForDeploymentPostprocessing = 0;
		};
/* End PBXFrameworksBuildPhase section */

/* Begin PBXGroup section */
		0B85D63A2A65FFF50065FF1F = {
			isa = PBXGroup;
			children = (
				0B85D6452A65FFF50065FF1F /* ChallengeChuckNorris */,
				0B85D65C2A65FFF50065FF1F /* ChallengeChuckNorrisTests */,
				0B85D6662A65FFF60065FF1F /* ChallengeChuckNorrisUITests */,
				0B85D6442A65FFF50065FF1F /* Products */,
				64C38D7AA30A564CA6A60330 /* Pods */,
				AB63A47AD1D2FD7FC9EDB450 /* Frameworks */,
			);
			sourceTree = "<group>";
		};
		0B85D6442A65FFF50065FF1F /* Products */ = {
			isa = PBXGroup;
			children = (
				0B85D6432A65FFF50065FF1F /* ChallengeChuckNorris.app */,
				0B85D6592A65FFF50065FF1F /* ChallengeChuckNorrisTests.xctest */,
				0B85D6632A65FFF60065FF1F /* ChallengeChuckNorrisUITests.xctest */,
			);
			name = Products;
			sourceTree = "<group>";
		};
		0B85D6452A65FFF50065FF1F /* ChallengeChuckNorris */ = {
			isa = PBXGroup;
			children = (
				0B85D6542A65FFF50065FF1F /* Info.plist */,
				0BE0C6AA2A676B3D007FB1CB /* Resources */,
				0BE0C6A32A67690E007FB1CB /* Details */,
				0BE0C6A12A676877007FB1CB /* AppSceneDelegate */,
				0B85D6882A662A690065FF1F /* Models */,
				0B85D6832A6623050065FF1F /* Mock */,
				0B85D67E2A66215D0065FF1F /* Network */,
				0B85D67B2A6615D20065FF1F /* Extensions */,
				0B85D6762A6602CB0065FF1F /* Home */,
			);
			path = ChallengeChuckNorris;
			sourceTree = "<group>";
		};
		0B85D65C2A65FFF50065FF1F /* ChallengeChuckNorrisTests */ = {
			isa = PBXGroup;
			children = (
				0B85D65D2A65FFF50065FF1F /* ChallengeChuckNorrisTests.swift */,
			);
			path = ChallengeChuckNorrisTests;
			sourceTree = "<group>";
		};
		0B85D6662A65FFF60065FF1F /* ChallengeChuckNorrisUITests */ = {
			isa = PBXGroup;
			children = (
				0B85D6672A65FFF60065FF1F /* ChallengeChuckNorrisUITests.swift */,
				0B85D6692A65FFF60065FF1F /* ChallengeChuckNorrisUITestsLaunchTests.swift */,
			);
			path = ChallengeChuckNorrisUITests;
			sourceTree = "<group>";
		};
		0B85D6762A6602CB0065FF1F /* Home */ = {
			isa = PBXGroup;
			children = (
				0BE0C69C2A674C37007FB1CB /* cell */,
				0BE0C6992A673E5F007FB1CB /* ViewModel */,
				0BE0C6982A673E55007FB1CB /* Controller */,
				0BE0C6972A673E4C007FB1CB /* Screen */,
			);
			path = Home;
			sourceTree = "<group>";
		};
		0B85D67B2A6615D20065FF1F /* Extensions */ = {
			isa = PBXGroup;
			children = (
				0B85D67C2A6615FC0065FF1F /* UiColorExtensions.swift */,
			);
			path = Extensions;
			sourceTree = "<group>";
		};
		0B85D67E2A66215D0065FF1F /* Network */ = {
			isa = PBXGroup;
			children = (
				0B85D67F2A6622910065FF1F /* GenericsService.swift */,
				0B85D6812A6622E50065FF1F /* CategoriesJokesService.swift */,
			);
			path = Network;
			sourceTree = "<group>";
		};
		0B85D6832A6623050065FF1F /* Mock */ = {
			isa = PBXGroup;
			children = (
				0B85D6862A6628010065FF1F /* categoriJokes.json */,
			);
			path = Mock;
			sourceTree = "<group>";
		};
		0B85D6882A662A690065FF1F /* Models */ = {
			isa = PBXGroup;
			children = (
				0B85D6892A662AC00065FF1F /* Categories.swift */,
				0BE0C69F2A67563D007FB1CB /* CategoriesTest.swift */,
				0B3C79DF2A70C5990050CB0A /* Joke.swift */,
			);
			path = Models;
			sourceTree = "<group>";
		};
		0BE0C6972A673E4C007FB1CB /* Screen */ = {
			isa = PBXGroup;
			children = (
				0B85D6792A66030C0065FF1F /* HomeScreen.swift */,
			);
			path = Screen;
			sourceTree = "<group>";
		};
		0BE0C6982A673E55007FB1CB /* Controller */ = {
			isa = PBXGroup;
			children = (
				0B85D6772A6602EE0065FF1F /* HomeViewController.swift */,
			);
			path = Controller;
			sourceTree = "<group>";
		};
		0BE0C6992A673E5F007FB1CB /* ViewModel */ = {
			isa = PBXGroup;
			children = (
				0BE0C69A2A673E86007FB1CB /* HomeViewModel.swift */,
			);
			path = ViewModel;
			sourceTree = "<group>";
		};
		0BE0C69C2A674C37007FB1CB /* cell */ = {
			isa = PBXGroup;
			children = (
				0BE0C69D2A674C56007FB1CB /* CategoriesTableViewCell.swift */,
			);
			path = cell;
			sourceTree = "<group>";
		};
		0BE0C6A12A676877007FB1CB /* AppSceneDelegate */ = {
			isa = PBXGroup;
			children = (
				0B85D6462A65FFF50065FF1F /* AppDelegate.swift */,
				0B85D6482A65FFF50065FF1F /* SceneDelegate.swift */,
			);
			path = AppSceneDelegate;
			sourceTree = "<group>";
		};
		0BE0C6A32A67690E007FB1CB /* Details */ = {
			isa = PBXGroup;
			children = (
				0BE0C6A92A6769A4007FB1CB /* Screen */,
				0BE0C6A82A676998007FB1CB /* Controller */,
			);
			path = Details;
			sourceTree = "<group>";
		};
		0BE0C6A82A676998007FB1CB /* Controller */ = {
			isa = PBXGroup;
			children = (
				0BE0C6A42A676942007FB1CB /* JokesViewController.swift */,
			);
			path = Controller;
			sourceTree = "<group>";
		};
		0BE0C6A92A6769A4007FB1CB /* Screen */ = {
			isa = PBXGroup;
			children = (
				0BE0C6A62A676993007FB1CB /* JokesScreen.swift */,
			);
			path = Screen;
			sourceTree = "<group>";
		};
		0BE0C6AA2A676B3D007FB1CB /* Resources */ = {
			isa = PBXGroup;
			children = (
				0B85D64F2A65FFF50065FF1F /* Assets.xcassets */,
				0B85D6512A65FFF50065FF1F /* LaunchScreen.storyboard */,
			);
			path = Resources;
			sourceTree = "<group>";
		};
		64C38D7AA30A564CA6A60330 /* Pods */ = {
			isa = PBXGroup;
			children = (
				CA4FB170D36DFCA2C709AE88 /* Pods-ChallengeChuckNorris.debug.xcconfig */,
				4EFD1DDC9D06DA6DA1167808 /* Pods-ChallengeChuckNorris.release.xcconfig */,
				1E65993B491C8BAFC5A78D88 /* Pods-ChallengeChuckNorris-ChallengeChuckNorrisUITests.debug.xcconfig */,
				05E0147CFD3AD249E6C7A0B2 /* Pods-ChallengeChuckNorris-ChallengeChuckNorrisUITests.release.xcconfig */,
				7FDE17A9CBD6390C892CDE5E /* Pods-ChallengeChuckNorrisTests.debug.xcconfig */,
				B4A84E8D105DC6CD4106CC84 /* Pods-ChallengeChuckNorrisTests.release.xcconfig */,
			);
			path = Pods;
			sourceTree = "<group>";
		};
		AB63A47AD1D2FD7FC9EDB450 /* Frameworks */ = {
			isa = PBXGroup;
			children = (
				E0212D2B14BA4C04DD800EDB /* Pods_ChallengeChuckNorris.framework */,
				E057C25A4C4338CC8DCB57D3 /* Pods_ChallengeChuckNorris_ChallengeChuckNorrisUITests.framework */,
				6359849821570A01E7401422 /* Pods_ChallengeChuckNorrisTests.framework */,
			);
			name = Frameworks;
			sourceTree = "<group>";
		};
/* End PBXGroup section */

/* Begin PBXNativeTarget section */
		0B85D6422A65FFF50065FF1F /* ChallengeChuckNorris */ = {
			isa = PBXNativeTarget;
			buildConfigurationList = 0B85D66D2A65FFF60065FF1F /* Build configuration list for PBXNativeTarget "ChallengeChuckNorris" */;
			buildPhases = (
				C8E0B0F53ABBF908EE5C171E /* [CP] Check Pods Manifest.lock */,
				0B85D63F2A65FFF50065FF1F /* Sources */,
				0B85D6402A65FFF50065FF1F /* Frameworks */,
				0B85D6412A65FFF50065FF1F /* Resources */,
				478A32D73512B68DABB33102 /* [CP] Embed Pods Frameworks */,
			);
			buildRules = (
			);
			dependencies = (
			);
			name = ChallengeChuckNorris;
			productName = ChallengeChuckNorris;
			productReference = 0B85D6432A65FFF50065FF1F /* ChallengeChuckNorris.app */;
			productType = "com.apple.product-type.application";
		};
		0B85D6582A65FFF50065FF1F /* ChallengeChuckNorrisTests */ = {
			isa = PBXNativeTarget;
			buildConfigurationList = 0B85D6702A65FFF60065FF1F /* Build configuration list for PBXNativeTarget "ChallengeChuckNorrisTests" */;
			buildPhases = (
				5BC0A7E9B27A10E931E3722D /* [CP] Check Pods Manifest.lock */,
				0B85D6552A65FFF50065FF1F /* Sources */,
				0B85D6562A65FFF50065FF1F /* Frameworks */,
				0B85D6572A65FFF50065FF1F /* Resources */,
			);
			buildRules = (
			);
			dependencies = (
				0B85D65B2A65FFF50065FF1F /* PBXTargetDependency */,
			);
			name = ChallengeChuckNorrisTests;
			productName = ChallengeChuckNorrisTests;
			productReference = 0B85D6592A65FFF50065FF1F /* ChallengeChuckNorrisTests.xctest */;
			productType = "com.apple.product-type.bundle.unit-test";
		};
		0B85D6622A65FFF60065FF1F /* ChallengeChuckNorrisUITests */ = {
			isa = PBXNativeTarget;
			buildConfigurationList = 0B85D6732A65FFF60065FF1F /* Build configuration list for PBXNativeTarget "ChallengeChuckNorrisUITests" */;
			buildPhases = (
				110C5B4A6C694F805E288B51 /* [CP] Check Pods Manifest.lock */,
				0B85D65F2A65FFF60065FF1F /* Sources */,
				0B85D6602A65FFF60065FF1F /* Frameworks */,
				0B85D6612A65FFF60065FF1F /* Resources */,
				F808B3EDC17A57EE1E094CB3 /* [CP] Embed Pods Frameworks */,
			);
			buildRules = (
			);
			dependencies = (
				0B85D6652A65FFF60065FF1F /* PBXTargetDependency */,
			);
			name = ChallengeChuckNorrisUITests;
			productName = ChallengeChuckNorrisUITests;
			productReference = 0B85D6632A65FFF60065FF1F /* ChallengeChuckNorrisUITests.xctest */;
			productType = "com.apple.product-type.bundle.ui-testing";
		};
/* End PBXNativeTarget section */

/* Begin PBXProject section */
		0B85D63B2A65FFF50065FF1F /* Project object */ = {
			isa = PBXProject;
			attributes = {
				BuildIndependentTargetsInParallel = 1;
				LastSwiftUpdateCheck = 1400;
				LastUpgradeCheck = 1400;
				TargetAttributes = {
					0B85D6422A65FFF50065FF1F = {
						CreatedOnToolsVersion = 14.0.1;
					};
					0B85D6582A65FFF50065FF1F = {
						CreatedOnToolsVersion = 14.0.1;
						TestTargetID = 0B85D6422A65FFF50065FF1F;
					};
					0B85D6622A65FFF60065FF1F = {
						CreatedOnToolsVersion = 14.0.1;
						TestTargetID = 0B85D6422A65FFF50065FF1F;
					};
				};
			};
			buildConfigurationList = 0B85D63E2A65FFF50065FF1F /* Build configuration list for PBXProject "ChallengeChuckNorris" */;
			compatibilityVersion = "Xcode 14.0";
			developmentRegion = en;
			hasScannedForEncodings = 0;
			knownRegions = (
				en,
				Base,
			);
			mainGroup = 0B85D63A2A65FFF50065FF1F;
			productRefGroup = 0B85D6442A65FFF50065FF1F /* Products */;
			projectDirPath = "";
			projectRoot = "";
			targets = (
				0B85D6422A65FFF50065FF1F /* ChallengeChuckNorris */,
				0B85D6582A65FFF50065FF1F /* ChallengeChuckNorrisTests */,
				0B85D6622A65FFF60065FF1F /* ChallengeChuckNorrisUITests */,
			);
		};
/* End PBXProject section */

/* Begin PBXResourcesBuildPhase section */
		0B85D6412A65FFF50065FF1F /* Resources */ = {
			isa = PBXResourcesBuildPhase;
			buildActionMask = 2147483647;
			files = (
				0B85D6872A6628010065FF1F /* categoriJokes.json in Resources */,
				0B85D6532A65FFF50065FF1F /* LaunchScreen.storyboard in Resources */,
				0B85D6502A65FFF50065FF1F /* Assets.xcassets in Resources */,
			);
			runOnlyForDeploymentPostprocessing = 0;
		};
		0B85D6572A65FFF50065FF1F /* Resources */ = {
			isa = PBXResourcesBuildPhase;
			buildActionMask = 2147483647;
			files = (
			);
			runOnlyForDeploymentPostprocessing = 0;
		};
		0B85D6612A65FFF60065FF1F /* Resources */ = {
			isa = PBXResourcesBuildPhase;
			buildActionMask = 2147483647;
			files = (
			);
			runOnlyForDeploymentPostprocessing = 0;
		};
/* End PBXResourcesBuildPhase section */

/* Begin PBXShellScriptBuildPhase section */
		110C5B4A6C694F805E288B51 /* [CP] Check Pods Manifest.lock */ = {
			isa = PBXShellScriptBuildPhase;
			buildActionMask = 2147483647;
			files = (
			);
			inputFileListPaths = (
			);
			inputPaths = (
				"${PODS_PODFILE_DIR_PATH}/Podfile.lock",
				"${PODS_ROOT}/Manifest.lock",
			);
			name = "[CP] Check Pods Manifest.lock";
			outputFileListPaths = (
			);
			outputPaths = (
				"$(DERIVED_FILE_DIR)/Pods-ChallengeChuckNorris-ChallengeChuckNorrisUITests-checkManifestLockResult.txt",
			);
			runOnlyForDeploymentPostprocessing = 0;
			shellPath = /bin/sh;
			shellScript = "diff \"${PODS_PODFILE_DIR_PATH}/Podfile.lock\" \"${PODS_ROOT}/Manifest.lock\" > /dev/null\nif [ $? != 0 ] ; then\n    # print error to STDERR\n    echo \"error: The sandbox is not in sync with the Podfile.lock. Run 'pod install' or update your CocoaPods installation.\" >&2\n    exit 1\nfi\n# This output is used by Xcode 'outputs' to avoid re-running this script phase.\necho \"SUCCESS\" > \"${SCRIPT_OUTPUT_FILE_0}\"\n";
			showEnvVarsInLog = 0;
		};
		478A32D73512B68DABB33102 /* [CP] Embed Pods Frameworks */ = {
			isa = PBXShellScriptBuildPhase;
			buildActionMask = 2147483647;
			files = (
			);
			inputFileListPaths = (
				"${PODS_ROOT}/Target Support Files/Pods-ChallengeChuckNorris/Pods-ChallengeChuckNorris-frameworks-${CONFIGURATION}-input-files.xcfilelist",
			);
			name = "[CP] Embed Pods Frameworks";
			outputFileListPaths = (
				"${PODS_ROOT}/Target Support Files/Pods-ChallengeChuckNorris/Pods-ChallengeChuckNorris-frameworks-${CONFIGURATION}-output-files.xcfilelist",
			);
			runOnlyForDeploymentPostprocessing = 0;
			shellPath = /bin/sh;
			shellScript = "\"${PODS_ROOT}/Target Support Files/Pods-ChallengeChuckNorris/Pods-ChallengeChuckNorris-frameworks.sh\"\n";
			showEnvVarsInLog = 0;
		};
		5BC0A7E9B27A10E931E3722D /* [CP] Check Pods Manifest.lock */ = {
			isa = PBXShellScriptBuildPhase;
			buildActionMask = 2147483647;
			files = (
			);
			inputFileListPaths = (
			);
			inputPaths = (
				"${PODS_PODFILE_DIR_PATH}/Podfile.lock",
				"${PODS_ROOT}/Manifest.lock",
			);
			name = "[CP] Check Pods Manifest.lock";
			outputFileListPaths = (
			);
			outputPaths = (
				"$(DERIVED_FILE_DIR)/Pods-ChallengeChuckNorrisTests-checkManifestLockResult.txt",
			);
			runOnlyForDeploymentPostprocessing = 0;
			shellPath = /bin/sh;
			shellScript = "diff \"${PODS_PODFILE_DIR_PATH}/Podfile.lock\" \"${PODS_ROOT}/Manifest.lock\" > /dev/null\nif [ $? != 0 ] ; then\n    # print error to STDERR\n    echo \"error: The sandbox is not in sync with the Podfile.lock. Run 'pod install' or update your CocoaPods installation.\" >&2\n    exit 1\nfi\n# This output is used by Xcode 'outputs' to avoid re-running this script phase.\necho \"SUCCESS\" > \"${SCRIPT_OUTPUT_FILE_0}\"\n";
			showEnvVarsInLog = 0;
		};
		C8E0B0F53ABBF908EE5C171E /* [CP] Check Pods Manifest.lock */ = {
			isa = PBXShellScriptBuildPhase;
			buildActionMask = 2147483647;
			files = (
			);
			inputFileListPaths = (
			);
			inputPaths = (
				"${PODS_PODFILE_DIR_PATH}/Podfile.lock",
				"${PODS_ROOT}/Manifest.lock",
			);
			name = "[CP] Check Pods Manifest.lock";
			outputFileListPaths = (
			);
			outputPaths = (
				"$(DERIVED_FILE_DIR)/Pods-ChallengeChuckNorris-checkManifestLockResult.txt",
			);
			runOnlyForDeploymentPostprocessing = 0;
			shellPath = /bin/sh;
			shellScript = "diff \"${PODS_PODFILE_DIR_PATH}/Podfile.lock\" \"${PODS_ROOT}/Manifest.lock\" > /dev/null\nif [ $? != 0 ] ; then\n    # print error to STDERR\n    echo \"error: The sandbox is not in sync with the Podfile.lock. Run 'pod install' or update your CocoaPods installation.\" >&2\n    exit 1\nfi\n# This output is used by Xcode 'outputs' to avoid re-running this script phase.\necho \"SUCCESS\" > \"${SCRIPT_OUTPUT_FILE_0}\"\n";
			showEnvVarsInLog = 0;
		};
		F808B3EDC17A57EE1E094CB3 /* [CP] Embed Pods Frameworks */ = {
			isa = PBXShellScriptBuildPhase;
			buildActionMask = 2147483647;
			files = (
			);
			inputFileListPaths = (
				"${PODS_ROOT}/Target Support Files/Pods-ChallengeChuckNorris-ChallengeChuckNorrisUITests/Pods-ChallengeChuckNorris-ChallengeChuckNorrisUITests-frameworks-${CONFIGURATION}-input-files.xcfilelist",
			);
			name = "[CP] Embed Pods Frameworks";
			outputFileListPaths = (
				"${PODS_ROOT}/Target Support Files/Pods-ChallengeChuckNorris-ChallengeChuckNorrisUITests/Pods-ChallengeChuckNorris-ChallengeChuckNorrisUITests-frameworks-${CONFIGURATION}-output-files.xcfilelist",
			);
			runOnlyForDeploymentPostprocessing = 0;
			shellPath = /bin/sh;
			shellScript = "\"${PODS_ROOT}/Target Support Files/Pods-ChallengeChuckNorris-ChallengeChuckNorrisUITests/Pods-ChallengeChuckNorris-ChallengeChuckNorrisUITests-frameworks.sh\"\n";
			showEnvVarsInLog = 0;
		};
/* End PBXShellScriptBuildPhase section */

/* Begin PBXSourcesBuildPhase section */
		0B85D63F2A65FFF50065FF1F /* Sources */ = {
			isa = PBXSourcesBuildPhase;
			buildActionMask = 2147483647;
			files = (
				0B85D67A2A66030C0065FF1F /* HomeScreen.swift in Sources */,
				0BE0C69B2A673E86007FB1CB /* HomeViewModel.swift in Sources */,
				0B85D68A2A662AC00065FF1F /* Categories.swift in Sources */,
				0B85D6822A6622E50065FF1F /* CategoriesJokesService.swift in Sources */,
				0B85D6472A65FFF50065FF1F /* AppDelegate.swift in Sources */,
				0B85D6492A65FFF50065FF1F /* SceneDelegate.swift in Sources */,
				0B3C79E02A70C5990050CB0A /* Joke.swift in Sources */,
				0BE0C6A72A676993007FB1CB /* JokesScreen.swift in Sources */,
				0B85D6782A6602EE0065FF1F /* HomeViewController.swift in Sources */,
				0BE0C6A52A676942007FB1CB /* JokesViewController.swift in Sources */,
				0BE0C6A02A67563D007FB1CB /* CategoriesTest.swift in Sources */,
				0B85D67D2A6615FC0065FF1F /* UiColorExtensions.swift in Sources */,
				0B85D6802A6622910065FF1F /* GenericsService.swift in Sources */,
				0BE0C69E2A674C56007FB1CB /* CategoriesTableViewCell.swift in Sources */,
			);
			runOnlyForDeploymentPostprocessing = 0;
		};
		0B85D6552A65FFF50065FF1F /* Sources */ = {
			isa = PBXSourcesBuildPhase;
			buildActionMask = 2147483647;
			files = (
				0B85D65E2A65FFF50065FF1F /* ChallengeChuckNorrisTests.swift in Sources */,
			);
			runOnlyForDeploymentPostprocessing = 0;
		};
		0B85D65F2A65FFF60065FF1F /* Sources */ = {
			isa = PBXSourcesBuildPhase;
			buildActionMask = 2147483647;
			files = (
				0B85D66A2A65FFF60065FF1F /* ChallengeChuckNorrisUITestsLaunchTests.swift in Sources */,
				0B85D6682A65FFF60065FF1F /* ChallengeChuckNorrisUITests.swift in Sources */,
			);
			runOnlyForDeploymentPostprocessing = 0;
		};
/* End PBXSourcesBuildPhase section */

/* Begin PBXTargetDependency section */
		0B85D65B2A65FFF50065FF1F /* PBXTargetDependency */ = {
			isa = PBXTargetDependency;
			target = 0B85D6422A65FFF50065FF1F /* ChallengeChuckNorris */;
			targetProxy = 0B85D65A2A65FFF50065FF1F /* PBXContainerItemProxy */;
		};
		0B85D6652A65FFF60065FF1F /* PBXTargetDependency */ = {
			isa = PBXTargetDependency;
			target = 0B85D6422A65FFF50065FF1F /* ChallengeChuckNorris */;
			targetProxy = 0B85D6642A65FFF60065FF1F /* PBXContainerItemProxy */;
		};
/* End PBXTargetDependency section */

/* Begin PBXVariantGroup section */
		0B85D6512A65FFF50065FF1F /* LaunchScreen.storyboard */ = {
			isa = PBXVariantGroup;
			children = (
				0B85D6522A65FFF50065FF1F /* Base */,
			);
			name = LaunchScreen.storyboard;
			sourceTree = "<group>";
		};
/* End PBXVariantGroup section */

/* Begin XCBuildConfiguration section */
		0B85D66B2A65FFF60065FF1F /* Debug */ = {
			isa = XCBuildConfiguration;
			buildSettings = {
				ALWAYS_SEARCH_USER_PATHS = NO;
				CLANG_ANALYZER_NONNULL = YES;
				CLANG_ANALYZER_NUMBER_OBJECT_CONVERSION = YES_AGGRESSIVE;
				CLANG_CXX_LANGUAGE_STANDARD = "gnu++20";
				CLANG_ENABLE_MODULES = YES;
				CLANG_ENABLE_OBJC_ARC = YES;
				CLANG_ENABLE_OBJC_WEAK = YES;
				CLANG_WARN_BLOCK_CAPTURE_AUTORELEASING = YES;
				CLANG_WARN_BOOL_CONVERSION = YES;
				CLANG_WARN_COMMA = YES;
				CLANG_WARN_CONSTANT_CONVERSION = YES;
				CLANG_WARN_DEPRECATED_OBJC_IMPLEMENTATIONS = YES;
				CLANG_WARN_DIRECT_OBJC_ISA_USAGE = YES_ERROR;
				CLANG_WARN_DOCUMENTATION_COMMENTS = YES;
				CLANG_WARN_EMPTY_BODY = YES;
				CLANG_WARN_ENUM_CONVERSION = YES;
				CLANG_WARN_INFINITE_RECURSION = YES;
				CLANG_WARN_INT_CONVERSION = YES;
				CLANG_WARN_NON_LITERAL_NULL_CONVERSION = YES;
				CLANG_WARN_OBJC_IMPLICIT_RETAIN_SELF = YES;
				CLANG_WARN_OBJC_LITERAL_CONVERSION = YES;
				CLANG_WARN_OBJC_ROOT_CLASS = YES_ERROR;
				CLANG_WARN_QUOTED_INCLUDE_IN_FRAMEWORK_HEADER = YES;
				CLANG_WARN_RANGE_LOOP_ANALYSIS = YES;
				CLANG_WARN_STRICT_PROTOTYPES = YES;
				CLANG_WARN_SUSPICIOUS_MOVE = YES;
				CLANG_WARN_UNGUARDED_AVAILABILITY = YES_AGGRESSIVE;
				CLANG_WARN_UNREACHABLE_CODE = YES;
				CLANG_WARN__DUPLICATE_METHOD_MATCH = YES;
				COPY_PHASE_STRIP = NO;
				DEBUG_INFORMATION_FORMAT = dwarf;
				ENABLE_STRICT_OBJC_MSGSEND = YES;
				ENABLE_TESTABILITY = YES;
				GCC_C_LANGUAGE_STANDARD = gnu11;
				GCC_DYNAMIC_NO_PIC = NO;
				GCC_NO_COMMON_BLOCKS = YES;
				GCC_OPTIMIZATION_LEVEL = 0;
				GCC_PREPROCESSOR_DEFINITIONS = (
					"DEBUG=1",
					"$(inherited)",
				);
				GCC_WARN_64_TO_32_BIT_CONVERSION = YES;
				GCC_WARN_ABOUT_RETURN_TYPE = YES_ERROR;
				GCC_WARN_UNDECLARED_SELECTOR = YES;
				GCC_WARN_UNINITIALIZED_AUTOS = YES_AGGRESSIVE;
				GCC_WARN_UNUSED_FUNCTION = YES;
				GCC_WARN_UNUSED_VARIABLE = YES;
				IPHONEOS_DEPLOYMENT_TARGET = 16.0;
				MTL_ENABLE_DEBUG_INFO = INCLUDE_SOURCE;
				MTL_FAST_MATH = YES;
				ONLY_ACTIVE_ARCH = YES;
				SDKROOT = iphoneos;
				SWIFT_ACTIVE_COMPILATION_CONDITIONS = DEBUG;
				SWIFT_OPTIMIZATION_LEVEL = "-Onone";
			};
			name = Debug;
		};
		0B85D66C2A65FFF60065FF1F /* Release */ = {
			isa = XCBuildConfiguration;
			buildSettings = {
				ALWAYS_SEARCH_USER_PATHS = NO;
				CLANG_ANALYZER_NONNULL = YES;
				CLANG_ANALYZER_NUMBER_OBJECT_CONVERSION = YES_AGGRESSIVE;
				CLANG_CXX_LANGUAGE_STANDARD = "gnu++20";
				CLANG_ENABLE_MODULES = YES;
				CLANG_ENABLE_OBJC_ARC = YES;
				CLANG_ENABLE_OBJC_WEAK = YES;
				CLANG_WARN_BLOCK_CAPTURE_AUTORELEASING = YES;
				CLANG_WARN_BOOL_CONVERSION = YES;
				CLANG_WARN_COMMA = YES;
				CLANG_WARN_CONSTANT_CONVERSION = YES;
				CLANG_WARN_DEPRECATED_OBJC_IMPLEMENTATIONS = YES;
				CLANG_WARN_DIRECT_OBJC_ISA_USAGE = YES_ERROR;
				CLANG_WARN_DOCUMENTATION_COMMENTS = YES;
				CLANG_WARN_EMPTY_BODY = YES;
				CLANG_WARN_ENUM_CONVERSION = YES;
				CLANG_WARN_INFINITE_RECURSION = YES;
				CLANG_WARN_INT_CONVERSION = YES;
				CLANG_WARN_NON_LITERAL_NULL_CONVERSION = YES;
				CLANG_WARN_OBJC_IMPLICIT_RETAIN_SELF = YES;
				CLANG_WARN_OBJC_LITERAL_CONVERSION = YES;
				CLANG_WARN_OBJC_ROOT_CLASS = YES_ERROR;
				CLANG_WARN_QUOTED_INCLUDE_IN_FRAMEWORK_HEADER = YES;
				CLANG_WARN_RANGE_LOOP_ANALYSIS = YES;
				CLANG_WARN_STRICT_PROTOTYPES = YES;
				CLANG_WARN_SUSPICIOUS_MOVE = YES;
				CLANG_WARN_UNGUARDED_AVAILABILITY = YES_AGGRESSIVE;
				CLANG_WARN_UNREACHABLE_CODE = YES;
				CLANG_WARN__DUPLICATE_METHOD_MATCH = YES;
				COPY_PHASE_STRIP = NO;
				DEBUG_INFORMATION_FORMAT = "dwarf-with-dsym";
				ENABLE_NS_ASSERTIONS = NO;
				ENABLE_STRICT_OBJC_MSGSEND = YES;
				GCC_C_LANGUAGE_STANDARD = gnu11;
				GCC_NO_COMMON_BLOCKS = YES;
				GCC_WARN_64_TO_32_BIT_CONVERSION = YES;
				GCC_WARN_ABOUT_RETURN_TYPE = YES_ERROR;
				GCC_WARN_UNDECLARED_SELECTOR = YES;
				GCC_WARN_UNINITIALIZED_AUTOS = YES_AGGRESSIVE;
				GCC_WARN_UNUSED_FUNCTION = YES;
				GCC_WARN_UNUSED_VARIABLE = YES;
				IPHONEOS_DEPLOYMENT_TARGET = 16.0;
				MTL_ENABLE_DEBUG_INFO = NO;
				MTL_FAST_MATH = YES;
				SDKROOT = iphoneos;
				SWIFT_COMPILATION_MODE = wholemodule;
				SWIFT_OPTIMIZATION_LEVEL = "-O";
				VALIDATE_PRODUCT = YES;
			};
			name = Release;
		};
		0B85D66E2A65FFF60065FF1F /* Debug */ = {
			isa = XCBuildConfiguration;
			baseConfigurationReference = CA4FB170D36DFCA2C709AE88 /* Pods-ChallengeChuckNorris.debug.xcconfig */;
			buildSettings = {
				ASSETCATALOG_COMPILER_APPICON_NAME = AppIcon;
				ASSETCATALOG_COMPILER_GLOBAL_ACCENT_COLOR_NAME = AccentColor;
				CODE_SIGN_STYLE = Automatic;
				CURRENT_PROJECT_VERSION = 1;
				GENERATE_INFOPLIST_FILE = YES;
				INFOPLIST_FILE = ChallengeChuckNorris/Info.plist;
				INFOPLIST_KEY_UIApplicationSupportsIndirectInputEvents = YES;
				INFOPLIST_KEY_UILaunchStoryboardName = LaunchScreen;
				INFOPLIST_KEY_UIMainStoryboardFile = "";
				INFOPLIST_KEY_UISupportedInterfaceOrientations_iPad = "UIInterfaceOrientationPortrait UIInterfaceOrientationPortraitUpsideDown UIInterfaceOrientationLandscapeLeft UIInterfaceOrientationLandscapeRight";
				INFOPLIST_KEY_UISupportedInterfaceOrientations_iPhone = "UIInterfaceOrientationPortrait UIInterfaceOrientationLandscapeLeft UIInterfaceOrientationLandscapeRight";
				LD_RUNPATH_SEARCH_PATHS = (
					"$(inherited)",
					"@executable_path/Frameworks",
				);
				MARKETING_VERSION = 1.0;
				PRODUCT_BUNDLE_IDENTIFIER = ellcavalcante.ChallengeChuckNorris;
				PRODUCT_NAME = "$(TARGET_NAME)";
				SWIFT_EMIT_LOC_STRINGS = YES;
				SWIFT_VERSION = 5.0;
				TARGETED_DEVICE_FAMILY = "1,2";
			};
			name = Debug;
		};
		0B85D66F2A65FFF60065FF1F /* Release */ = {
			isa = XCBuildConfiguration;
			baseConfigurationReference = 4EFD1DDC9D06DA6DA1167808 /* Pods-ChallengeChuckNorris.release.xcconfig */;
			buildSettings = {
				ASSETCATALOG_COMPILER_APPICON_NAME = AppIcon;
				ASSETCATALOG_COMPILER_GLOBAL_ACCENT_COLOR_NAME = AccentColor;
				CODE_SIGN_STYLE = Automatic;
				CURRENT_PROJECT_VERSION = 1;
				GENERATE_INFOPLIST_FILE = YES;
				INFOPLIST_FILE = ChallengeChuckNorris/Info.plist;
				INFOPLIST_KEY_UIApplicationSupportsIndirectInputEvents = YES;
				INFOPLIST_KEY_UILaunchStoryboardName = LaunchScreen;
				INFOPLIST_KEY_UIMainStoryboardFile = "";
				INFOPLIST_KEY_UISupportedInterfaceOrientations_iPad = "UIInterfaceOrientationPortrait UIInterfaceOrientationPortraitUpsideDown UIInterfaceOrientationLandscapeLeft UIInterfaceOrientationLandscapeRight";
				INFOPLIST_KEY_UISupportedInterfaceOrientations_iPhone = "UIInterfaceOrientationPortrait UIInterfaceOrientationLandscapeLeft UIInterfaceOrientationLandscapeRight";
				LD_RUNPATH_SEARCH_PATHS = (
					"$(inherited)",
					"@executable_path/Frameworks",
				);
				MARKETING_VERSION = 1.0;
				PRODUCT_BUNDLE_IDENTIFIER = ellcavalcante.ChallengeChuckNorris;
				PRODUCT_NAME = "$(TARGET_NAME)";
				SWIFT_EMIT_LOC_STRINGS = YES;
				SWIFT_VERSION = 5.0;
				TARGETED_DEVICE_FAMILY = "1,2";
			};
			name = Release;
		};
		0B85D6712A65FFF60065FF1F /* Debug */ = {
			isa = XCBuildConfiguration;
			baseConfigurationReference = 7FDE17A9CBD6390C892CDE5E /* Pods-ChallengeChuckNorrisTests.debug.xcconfig */;
			buildSettings = {
				ALWAYS_EMBED_SWIFT_STANDARD_LIBRARIES = YES;
				BUNDLE_LOADER = "$(TEST_HOST)";
				CODE_SIGN_STYLE = Automatic;
				CURRENT_PROJECT_VERSION = 1;
				GENERATE_INFOPLIST_FILE = YES;
				IPHONEOS_DEPLOYMENT_TARGET = 16.0;
				MARKETING_VERSION = 1.0;
				PRODUCT_BUNDLE_IDENTIFIER = ellcavalcante.ChallengeChuckNorrisTests;
				PRODUCT_NAME = "$(TARGET_NAME)";
				SWIFT_EMIT_LOC_STRINGS = NO;
				SWIFT_VERSION = 5.0;
				TARGETED_DEVICE_FAMILY = "1,2";
				TEST_HOST = "$(BUILT_PRODUCTS_DIR)/ChallengeChuckNorris.app/$(BUNDLE_EXECUTABLE_FOLDER_PATH)/ChallengeChuckNorris";
			};
			name = Debug;
		};
		0B85D6722A65FFF60065FF1F /* Release */ = {
			isa = XCBuildConfiguration;
			baseConfigurationReference = B4A84E8D105DC6CD4106CC84 /* Pods-ChallengeChuckNorrisTests.release.xcconfig */;
			buildSettings = {
				ALWAYS_EMBED_SWIFT_STANDARD_LIBRARIES = YES;
				BUNDLE_LOADER = "$(TEST_HOST)";
				CODE_SIGN_STYLE = Automatic;
				CURRENT_PROJECT_VERSION = 1;
				GENERATE_INFOPLIST_FILE = YES;
				IPHONEOS_DEPLOYMENT_TARGET = 16.0;
				MARKETING_VERSION = 1.0;
				PRODUCT_BUNDLE_IDENTIFIER = ellcavalcante.ChallengeChuckNorrisTests;
				PRODUCT_NAME = "$(TARGET_NAME)";
				SWIFT_EMIT_LOC_STRINGS = NO;
				SWIFT_VERSION = 5.0;
				TARGETED_DEVICE_FAMILY = "1,2";
				TEST_HOST = "$(BUILT_PRODUCTS_DIR)/ChallengeChuckNorris.app/$(BUNDLE_EXECUTABLE_FOLDER_PATH)/ChallengeChuckNorris";
			};
			name = Release;
		};
		0B85D6742A65FFF60065FF1F /* Debug */ = {
			isa = XCBuildConfiguration;
			baseConfigurationReference = 1E65993B491C8BAFC5A78D88 /* Pods-ChallengeChuckNorris-ChallengeChuckNorrisUITests.debug.xcconfig */;
			buildSettings = {
				ALWAYS_EMBED_SWIFT_STANDARD_LIBRARIES = YES;
				CODE_SIGN_STYLE = Automatic;
				CURRENT_PROJECT_VERSION = 1;
				GENERATE_INFOPLIST_FILE = YES;
				MARKETING_VERSION = 1.0;
				PRODUCT_BUNDLE_IDENTIFIER = ellcavalcante.ChallengeChuckNorrisUITests;
				PRODUCT_NAME = "$(TARGET_NAME)";
				SWIFT_EMIT_LOC_STRINGS = NO;
				SWIFT_VERSION = 5.0;
				TARGETED_DEVICE_FAMILY = "1,2";
				TEST_TARGET_NAME = ChallengeChuckNorris;
			};
			name = Debug;
		};
		0B85D6752A65FFF60065FF1F /* Release */ = {
			isa = XCBuildConfiguration;
			baseConfigurationReference = 05E0147CFD3AD249E6C7A0B2 /* Pods-ChallengeChuckNorris-ChallengeChuckNorrisUITests.release.xcconfig */;
			buildSettings = {
				ALWAYS_EMBED_SWIFT_STANDARD_LIBRARIES = YES;
				CODE_SIGN_STYLE = Automatic;
				CURRENT_PROJECT_VERSION = 1;
				GENERATE_INFOPLIST_FILE = YES;
				MARKETING_VERSION = 1.0;
				PRODUCT_BUNDLE_IDENTIFIER = ellcavalcante.ChallengeChuckNorrisUITests;
				PRODUCT_NAME = "$(TARGET_NAME)";
				SWIFT_EMIT_LOC_STRINGS = NO;
				SWIFT_VERSION = 5.0;
				TARGETED_DEVICE_FAMILY = "1,2";
				TEST_TARGET_NAME = ChallengeChuckNorris;
			};
			name = Release;
		};
/* End XCBuildConfiguration section */

/* Begin XCConfigurationList section */
		0B85D63E2A65FFF50065FF1F /* Build configuration list for PBXProject "ChallengeChuckNorris" */ = {
			isa = XCConfigurationList;
			buildConfigurations = (
				0B85D66B2A65FFF60065FF1F /* Debug */,
				0B85D66C2A65FFF60065FF1F /* Release */,
			);
			defaultConfigurationIsVisible = 0;
			defaultConfigurationName = Release;
		};
		0B85D66D2A65FFF60065FF1F /* Build configuration list for PBXNativeTarget "ChallengeChuckNorris" */ = {
			isa = XCConfigurationList;
			buildConfigurations = (
				0B85D66E2A65FFF60065FF1F /* Debug */,
				0B85D66F2A65FFF60065FF1F /* Release */,
			);
			defaultConfigurationIsVisible = 0;
			defaultConfigurationName = Release;
		};
		0B85D6702A65FFF60065FF1F /* Build configuration list for PBXNativeTarget "ChallengeChuckNorrisTests" */ = {
			isa = XCConfigurationList;
			buildConfigurations = (
				0B85D6712A65FFF60065FF1F /* Debug */,
				0B85D6722A65FFF60065FF1F /* Release */,
			);
			defaultConfigurationIsVisible = 0;
			defaultConfigurationName = Release;
		};
		0B85D6732A65FFF60065FF1F /* Build configuration list for PBXNativeTarget "ChallengeChuckNorrisUITests" */ = {
			isa = XCConfigurationList;
			buildConfigurations = (
				0B85D6742A65FFF60065FF1F /* Debug */,
				0B85D6752A65FFF60065FF1F /* Release */,
			);
			defaultConfigurationIsVisible = 0;
			defaultConfigurationName = Release;
		};
/* End XCConfigurationList section */
	};
	rootObject = 0B85D63B2A65FFF50065FF1F /* Project object */;
}
